// !$*UTF8*$!
{
	archiveVersion = 1;
	classes = {
	};
	objectVersion = 46;
	objects = {

/* Begin PBXBuildFile section */
		269B8F361939534400D22A8A /* Foundation.framework in Frameworks */ = {isa = PBXBuildFile; fileRef = 269B8F351939534400D22A8A /* Foundation.framework */; };
		269B8F381939534400D22A8A /* CoreGraphics.framework in Frameworks */ = {isa = PBXBuildFile; fileRef = 269B8F371939534400D22A8A /* CoreGraphics.framework */; };
		269B8F3A1939534400D22A8A /* UIKit.framework in Frameworks */ = {isa = PBXBuildFile; fileRef = 269B8F391939534400D22A8A /* UIKit.framework */; };
		269B8F401939534400D22A8A /* InfoPlist.strings in Resources */ = {isa = PBXBuildFile; fileRef = 269B8F3E1939534400D22A8A /* InfoPlist.strings */; };
		269B8F421939534400D22A8A /* main.m in Sources */ = {isa = PBXBuildFile; fileRef = 269B8F411939534400D22A8A /* main.m */; };
		269B8F461939534400D22A8A /* RMAppDelegate.m in Sources */ = {isa = PBXBuildFile; fileRef = 269B8F451939534400D22A8A /* RMAppDelegate.m */; };
		269B8F491939534400D22A8A /* Main.storyboard in Resources */ = {isa = PBXBuildFile; fileRef = 269B8F471939534400D22A8A /* Main.storyboard */; };
		269B8F4E1939534400D22A8A /* Images.xcassets in Resources */ = {isa = PBXBuildFile; fileRef = 269B8F4D1939534400D22A8A /* Images.xcassets */; };
		269B8F551939534500D22A8A /* XCTest.framework in Frameworks */ = {isa = PBXBuildFile; fileRef = 269B8F541939534500D22A8A /* XCTest.framework */; };
		269B8F561939534500D22A8A /* Foundation.framework in Frameworks */ = {isa = PBXBuildFile; fileRef = 269B8F351939534400D22A8A /* Foundation.framework */; };
		269B8F571939534500D22A8A /* UIKit.framework in Frameworks */ = {isa = PBXBuildFile; fileRef = 269B8F391939534400D22A8A /* UIKit.framework */; };
		269B8F5F1939534500D22A8A /* InfoPlist.strings in Resources */ = {isa = PBXBuildFile; fileRef = 269B8F5D1939534500D22A8A /* InfoPlist.strings */; };
		269B8F611939534500D22A8A /* LiftedTests.m in Sources */ = {isa = PBXBuildFile; fileRef = 269B8F601939534500D22A8A /* LiftedTests.m */; };
		269B8F6F1939562F00D22A8A /* RMAddWorkoutViewController.m in Sources */ = {isa = PBXBuildFile; fileRef = 269B8F6E1939562F00D22A8A /* RMAddWorkoutViewController.m */; };
		269B8F8119396CDB00D22A8A /* RMExerciseObject.m in Sources */ = {isa = PBXBuildFile; fileRef = 269B8F8019396CDB00D22A8A /* RMExerciseObject.m */; };
		269B8F871939790D00D22A8A /* RMSelectExercisesViewController.m in Sources */ = {isa = PBXBuildFile; fileRef = 269B8F861939790D00D22A8A /* RMSelectExercisesViewController.m */; };
		26E632E8193D653400EA92AE /* RMWorkoutObject.m in Sources */ = {isa = PBXBuildFile; fileRef = 26E632E7193D653400EA92AE /* RMWorkoutObject.m */; };
		26E632EA193DA96000EA92AE /* arnold.jpg in Resources */ = {isa = PBXBuildFile; fileRef = 26E632E9193DA96000EA92AE /* arnold.jpg */; };
		26E632ED193E81A300EA92AE /* RMWorkoutRoutineViewController.m in Sources */ = {isa = PBXBuildFile; fileRef = 26E632EC193E81A300EA92AE /* RMWorkoutRoutineViewController.m */; };
		26E632F2193E9F4400EA92AE /* RMExerciseDataInputViewController.m in Sources */ = {isa = PBXBuildFile; fileRef = 26E632F1193E9F4400EA92AE /* RMExerciseDataInputViewController.m */; };
		26E632F5193F8AEC00EA92AE /* RMExercisesData.m in Sources */ = {isa = PBXBuildFile; fileRef = 26E632F4193F8AEC00EA92AE /* RMExercisesData.m */; };
		26E632F8193FC35E00EA92AE /* RMEditExerciseViewController.m in Sources */ = {isa = PBXBuildFile; fileRef = 26E632F7193FC35E00EA92AE /* RMEditExerciseViewController.m */; };
		26E632FE19411BBB00EA92AE /* RMExerciseDataInputTableViewCell.m in Sources */ = {isa = PBXBuildFile; fileRef = 26E632FD19411BBB00EA92AE /* RMExerciseDataInputTableViewCell.m */; };
		26E633021941333C00EA92AE /* Lifted.xcdatamodeld in Sources */ = {isa = PBXBuildFile; fileRef = 26E633001941333C00EA92AE /* Lifted.xcdatamodeld */; };
		26E6336719415F6200EA92AE /* RMCoreDataHelper.m in Sources */ = {isa = PBXBuildFile; fileRef = 26E6336619415F6200EA92AE /* RMCoreDataHelper.m */; };
		26E6337A19423B7E00EA92AE /* Routine.m in Sources */ = {isa = PBXBuildFile; fileRef = 26E6337919423B7E00EA92AE /* Routine.m */; };
		26E6337D19423B7F00EA92AE /* Sets.m in Sources */ = {isa = PBXBuildFile; fileRef = 26E6337C19423B7F00EA92AE /* Sets.m */; };
		26E6338019423B7F00EA92AE /* Exercise.m in Sources */ = {isa = PBXBuildFile; fileRef = 26E6337F19423B7F00EA92AE /* Exercise.m */; };
		26FA73D81939B94A00325F23 /* RMWorkoutsViewController.m in Sources */ = {isa = PBXBuildFile; fileRef = 26FA73D71939B94A00325F23 /* RMWorkoutsViewController.m */; };
		26FA73DB1939B96B00325F23 /* RMHomeViewController.m in Sources */ = {isa = PBXBuildFile; fileRef = 26FA73DA1939B96B00325F23 /* RMHomeViewController.m */; };
/* End PBXBuildFile section */

/* Begin PBXContainerItemProxy section */
		269B8F581939534500D22A8A /* PBXContainerItemProxy */ = {
			isa = PBXContainerItemProxy;
			containerPortal = 269B8F2A1939534400D22A8A /* Project object */;
			proxyType = 1;
			remoteGlobalIDString = 269B8F311939534400D22A8A;
			remoteInfo = Lifted;
		};
/* End PBXContainerItemProxy section */

/* Begin PBXFileReference section */
		269B8F321939534400D22A8A /* Lifted.app */ = {isa = PBXFileReference; explicitFileType = wrapper.application; includeInIndex = 0; path = Lifted.app; sourceTree = BUILT_PRODUCTS_DIR; };
		269B8F351939534400D22A8A /* Foundation.framework */ = {isa = PBXFileReference; lastKnownFileType = wrapper.framework; name = Foundation.framework; path = System/Library/Frameworks/Foundation.framework; sourceTree = SDKROOT; };
		269B8F371939534400D22A8A /* CoreGraphics.framework */ = {isa = PBXFileReference; lastKnownFileType = wrapper.framework; name = CoreGraphics.framework; path = System/Library/Frameworks/CoreGraphics.framework; sourceTree = SDKROOT; };
		269B8F391939534400D22A8A /* UIKit.framework */ = {isa = PBXFileReference; lastKnownFileType = wrapper.framework; name = UIKit.framework; path = System/Library/Frameworks/UIKit.framework; sourceTree = SDKROOT; };
		269B8F3D1939534400D22A8A /* Lifted-Info.plist */ = {isa = PBXFileReference; lastKnownFileType = text.plist.xml; path = "Lifted-Info.plist"; sourceTree = "<group>"; };
		269B8F3F1939534400D22A8A /* en */ = {isa = PBXFileReference; lastKnownFileType = text.plist.strings; name = en; path = en.lproj/InfoPlist.strings; sourceTree = "<group>"; };
		269B8F411939534400D22A8A /* main.m */ = {isa = PBXFileReference; lastKnownFileType = sourcecode.c.objc; path = main.m; sourceTree = "<group>"; };
		269B8F431939534400D22A8A /* Lifted-Prefix.pch */ = {isa = PBXFileReference; lastKnownFileType = sourcecode.c.h; path = "Lifted-Prefix.pch"; sourceTree = "<group>"; };
		269B8F441939534400D22A8A /* RMAppDelegate.h */ = {isa = PBXFileReference; lastKnownFileType = sourcecode.c.h; path = RMAppDelegate.h; sourceTree = "<group>"; };
		269B8F451939534400D22A8A /* RMAppDelegate.m */ = {isa = PBXFileReference; lastKnownFileType = sourcecode.c.objc; path = RMAppDelegate.m; sourceTree = "<group>"; };
		269B8F481939534400D22A8A /* Base */ = {isa = PBXFileReference; lastKnownFileType = file.storyboard; name = Base; path = Base.lproj/Main.storyboard; sourceTree = "<group>"; };
		269B8F4D1939534400D22A8A /* Images.xcassets */ = {isa = PBXFileReference; lastKnownFileType = folder.assetcatalog; path = Images.xcassets; sourceTree = "<group>"; };
		269B8F531939534500D22A8A /* LiftedTests.xctest */ = {isa = PBXFileReference; explicitFileType = wrapper.cfbundle; includeInIndex = 0; path = LiftedTests.xctest; sourceTree = BUILT_PRODUCTS_DIR; };
		269B8F541939534500D22A8A /* XCTest.framework */ = {isa = PBXFileReference; lastKnownFileType = wrapper.framework; name = XCTest.framework; path = Library/Frameworks/XCTest.framework; sourceTree = DEVELOPER_DIR; };
		269B8F5C1939534500D22A8A /* LiftedTests-Info.plist */ = {isa = PBXFileReference; lastKnownFileType = text.plist.xml; path = "LiftedTests-Info.plist"; sourceTree = "<group>"; };
		269B8F5E1939534500D22A8A /* en */ = {isa = PBXFileReference; lastKnownFileType = text.plist.strings; name = en; path = en.lproj/InfoPlist.strings; sourceTree = "<group>"; };
		269B8F601939534500D22A8A /* LiftedTests.m */ = {isa = PBXFileReference; lastKnownFileType = sourcecode.c.objc; path = LiftedTests.m; sourceTree = "<group>"; };
		269B8F6D1939562F00D22A8A /* RMAddWorkoutViewController.h */ = {isa = PBXFileReference; fileEncoding = 4; lastKnownFileType = sourcecode.c.h; path = RMAddWorkoutViewController.h; sourceTree = "<group>"; };
		269B8F6E1939562F00D22A8A /* RMAddWorkoutViewController.m */ = {isa = PBXFileReference; fileEncoding = 4; lastKnownFileType = sourcecode.c.objc; path = RMAddWorkoutViewController.m; sourceTree = "<group>"; };
		269B8F7F19396CDB00D22A8A /* RMExerciseObject.h */ = {isa = PBXFileReference; fileEncoding = 4; lastKnownFileType = sourcecode.c.h; path = RMExerciseObject.h; sourceTree = "<group>"; };
		269B8F8019396CDB00D22A8A /* RMExerciseObject.m */ = {isa = PBXFileReference; fileEncoding = 4; lastKnownFileType = sourcecode.c.objc; path = RMExerciseObject.m; sourceTree = "<group>"; };
		269B8F851939790D00D22A8A /* RMSelectExercisesViewController.h */ = {isa = PBXFileReference; fileEncoding = 4; lastKnownFileType = sourcecode.c.h; name = RMSelectExercisesViewController.h; path = ../RMSelectExercisesViewController.h; sourceTree = "<group>"; };
		269B8F861939790D00D22A8A /* RMSelectExercisesViewController.m */ = {isa = PBXFileReference; fileEncoding = 4; lastKnownFileType = sourcecode.c.objc; name = RMSelectExercisesViewController.m; path = ../RMSelectExercisesViewController.m; sourceTree = "<group>"; };
		26E632E6193D653400EA92AE /* RMWorkoutObject.h */ = {isa = PBXFileReference; fileEncoding = 4; lastKnownFileType = sourcecode.c.h; path = RMWorkoutObject.h; sourceTree = "<group>"; };
		26E632E7193D653400EA92AE /* RMWorkoutObject.m */ = {isa = PBXFileReference; fileEncoding = 4; lastKnownFileType = sourcecode.c.objc; path = RMWorkoutObject.m; sourceTree = "<group>"; };
		26E632E9193DA96000EA92AE /* arnold.jpg */ = {isa = PBXFileReference; lastKnownFileType = image.jpeg; path = arnold.jpg; sourceTree = "<group>"; };
		26E632EB193E81A300EA92AE /* RMWorkoutRoutineViewController.h */ = {isa = PBXFileReference; fileEncoding = 4; lastKnownFileType = sourcecode.c.h; path = RMWorkoutRoutineViewController.h; sourceTree = "<group>"; };
		26E632EC193E81A300EA92AE /* RMWorkoutRoutineViewController.m */ = {isa = PBXFileReference; fileEncoding = 4; lastKnownFileType = sourcecode.c.objc; path = RMWorkoutRoutineViewController.m; sourceTree = "<group>"; };
		26E632F0193E9F4400EA92AE /* RMExerciseDataInputViewController.h */ = {isa = PBXFileReference; fileEncoding = 4; lastKnownFileType = sourcecode.c.h; path = RMExerciseDataInputViewController.h; sourceTree = "<group>"; };
		26E632F1193E9F4400EA92AE /* RMExerciseDataInputViewController.m */ = {isa = PBXFileReference; fileEncoding = 4; lastKnownFileType = sourcecode.c.objc; path = RMExerciseDataInputViewController.m; sourceTree = "<group>"; };
		26E632F3193F8AEC00EA92AE /* RMExercisesData.h */ = {isa = PBXFileReference; fileEncoding = 4; lastKnownFileType = sourcecode.c.h; path = RMExercisesData.h; sourceTree = "<group>"; };
		26E632F4193F8AEC00EA92AE /* RMExercisesData.m */ = {isa = PBXFileReference; fileEncoding = 4; lastKnownFileType = sourcecode.c.objc; path = RMExercisesData.m; sourceTree = "<group>"; };
		26E632F6193FC35E00EA92AE /* RMEditExerciseViewController.h */ = {isa = PBXFileReference; fileEncoding = 4; lastKnownFileType = sourcecode.c.h; path = RMEditExerciseViewController.h; sourceTree = "<group>"; };
		26E632F7193FC35E00EA92AE /* RMEditExerciseViewController.m */ = {isa = PBXFileReference; fileEncoding = 4; lastKnownFileType = sourcecode.c.objc; path = RMEditExerciseViewController.m; sourceTree = "<group>"; };
		26E632FC19411BBB00EA92AE /* RMExerciseDataInputTableViewCell.h */ = {isa = PBXFileReference; fileEncoding = 4; lastKnownFileType = sourcecode.c.h; path = RMExerciseDataInputTableViewCell.h; sourceTree = "<group>"; };
		26E632FD19411BBB00EA92AE /* RMExerciseDataInputTableViewCell.m */ = {isa = PBXFileReference; fileEncoding = 4; lastKnownFileType = sourcecode.c.objc; path = RMExerciseDataInputTableViewCell.m; sourceTree = "<group>"; };
		26E633011941333C00EA92AE /* Lifted.xcdatamodel */ = {isa = PBXFileReference; lastKnownFileType = wrapper.xcdatamodel; path = Lifted.xcdatamodel; sourceTree = "<group>"; };
		26E6336519415F6200EA92AE /* RMCoreDataHelper.h */ = {isa = PBXFileReference; fileEncoding = 4; lastKnownFileType = sourcecode.c.h; path = RMCoreDataHelper.h; sourceTree = "<group>"; };
		26E6336619415F6200EA92AE /* RMCoreDataHelper.m */ = {isa = PBXFileReference; fileEncoding = 4; lastKnownFileType = sourcecode.c.objc; path = RMCoreDataHelper.m; sourceTree = "<group>"; };
		26E6337819423B7E00EA92AE /* Routine.h */ = {isa = PBXFileReference; fileEncoding = 4; lastKnownFileType = sourcecode.c.h; path = Routine.h; sourceTree = "<group>"; };
		26E6337919423B7E00EA92AE /* Routine.m */ = {isa = PBXFileReference; fileEncoding = 4; lastKnownFileType = sourcecode.c.objc; path = Routine.m; sourceTree = "<group>"; };
		26E6337B19423B7F00EA92AE /* Sets.h */ = {isa = PBXFileReference; fileEncoding = 4; lastKnownFileType = sourcecode.c.h; path = Sets.h; sourceTree = "<group>"; };
		26E6337C19423B7F00EA92AE /* Sets.m */ = {isa = PBXFileReference; fileEncoding = 4; lastKnownFileType = sourcecode.c.objc; path = Sets.m; sourceTree = "<group>"; };
		26E6337E19423B7F00EA92AE /* Exercise.h */ = {isa = PBXFileReference; fileEncoding = 4; lastKnownFileType = sourcecode.c.h; path = Exercise.h; sourceTree = "<group>"; };
		26E6337F19423B7F00EA92AE /* Exercise.m */ = {isa = PBXFileReference; fileEncoding = 4; lastKnownFileType = sourcecode.c.objc; path = Exercise.m; sourceTree = "<group>"; };
		26FA73D61939B94A00325F23 /* RMWorkoutsViewController.h */ = {isa = PBXFileReference; fileEncoding = 4; lastKnownFileType = sourcecode.c.h; path = RMWorkoutsViewController.h; sourceTree = "<group>"; };
		26FA73D71939B94A00325F23 /* RMWorkoutsViewController.m */ = {isa = PBXFileReference; fileEncoding = 4; lastKnownFileType = sourcecode.c.objc; path = RMWorkoutsViewController.m; sourceTree = "<group>"; };
		26FA73D91939B96B00325F23 /* RMHomeViewController.h */ = {isa = PBXFileReference; fileEncoding = 4; lastKnownFileType = sourcecode.c.h; path = RMHomeViewController.h; sourceTree = "<group>"; };
		26FA73DA1939B96B00325F23 /* RMHomeViewController.m */ = {isa = PBXFileReference; fileEncoding = 4; lastKnownFileType = sourcecode.c.objc; path = RMHomeViewController.m; sourceTree = "<group>"; };
/* End PBXFileReference section */

/* Begin PBXFrameworksBuildPhase section */
		269B8F2F1939534400D22A8A /* Frameworks */ = {
			isa = PBXFrameworksBuildPhase;
			buildActionMask = 2147483647;
			files = (
				269B8F381939534400D22A8A /* CoreGraphics.framework in Frameworks */,
				269B8F3A1939534400D22A8A /* UIKit.framework in Frameworks */,
				269B8F361939534400D22A8A /* Foundation.framework in Frameworks */,
			);
			runOnlyForDeploymentPostprocessing = 0;
		};
		269B8F501939534500D22A8A /* Frameworks */ = {
			isa = PBXFrameworksBuildPhase;
			buildActionMask = 2147483647;
			files = (
				269B8F551939534500D22A8A /* XCTest.framework in Frameworks */,
				269B8F571939534500D22A8A /* UIKit.framework in Frameworks */,
				269B8F561939534500D22A8A /* Foundation.framework in Frameworks */,
			);
			runOnlyForDeploymentPostprocessing = 0;
		};
/* End PBXFrameworksBuildPhase section */

/* Begin PBXGroup section */
		269B8F291939534400D22A8A = {
			isa = PBXGroup;
			children = (
				269B8F3B1939534400D22A8A /* Lifted */,
				269B8F5A1939534500D22A8A /* LiftedTests */,
				269B8F341939534400D22A8A /* Frameworks */,
				269B8F331939534400D22A8A /* Products */,
			);
			sourceTree = "<group>";
		};
		269B8F331939534400D22A8A /* Products */ = {
			isa = PBXGroup;
			children = (
				269B8F321939534400D22A8A /* Lifted.app */,
				269B8F531939534500D22A8A /* LiftedTests.xctest */,
			);
			name = Products;
			sourceTree = "<group>";
		};
		269B8F341939534400D22A8A /* Frameworks */ = {
			isa = PBXGroup;
			children = (
				269B8F351939534400D22A8A /* Foundation.framework */,
				269B8F371939534400D22A8A /* CoreGraphics.framework */,
				269B8F391939534400D22A8A /* UIKit.framework */,
				269B8F541939534500D22A8A /* XCTest.framework */,
			);
			name = Frameworks;
			sourceTree = "<group>";
		};
		269B8F3B1939534400D22A8A /* Lifted */ = {
			isa = PBXGroup;
			children = (
				269B8F441939534400D22A8A /* RMAppDelegate.h */,
				269B8F451939534400D22A8A /* RMAppDelegate.m */,
				269B8F471939534400D22A8A /* Main.storyboard */,
				26E632EF193E82DC00EA92AE /* Home */,
				26E632FA193FFCA400EA92AE /* Exercise Data Input */,
				269B8F7E19396C8C00D22A8A /* Select Exercises */,
				26E632F9193FFB5F00EA92AE /* Edit Exercise */,
				269B8F7A1939609900D22A8A /* Add Workout */,
				26E632EE193E829200EA92AE /* Workouts */,
				26E632FB193FFCD100EA92AE /* Workout Routines */,
				26E6336E194186E700EA92AE /* Core Data */,
				269B8F4D1939534400D22A8A /* Images.xcassets */,
				269B8F3C1939534400D22A8A /* Supporting Files */,
			);
			path = Lifted;
			sourceTree = "<group>";
		};
		269B8F3C1939534400D22A8A /* Supporting Files */ = {
			isa = PBXGroup;
			children = (
				26E632F3193F8AEC00EA92AE /* RMExercisesData.h */,
				26E632F4193F8AEC00EA92AE /* RMExercisesData.m */,
				26E6336519415F6200EA92AE /* RMCoreDataHelper.h */,
				26E6336619415F6200EA92AE /* RMCoreDataHelper.m */,
				269B8F7919395A6900D22A8A /* Models */,
				26E632E9193DA96000EA92AE /* arnold.jpg */,
				269B8F3D1939534400D22A8A /* Lifted-Info.plist */,
				269B8F3E1939534400D22A8A /* InfoPlist.strings */,
				269B8F411939534400D22A8A /* main.m */,
				269B8F431939534400D22A8A /* Lifted-Prefix.pch */,
			);
			name = "Supporting Files";
			sourceTree = "<group>";
		};
		269B8F5A1939534500D22A8A /* LiftedTests */ = {
			isa = PBXGroup;
			children = (
				269B8F601939534500D22A8A /* LiftedTests.m */,
				269B8F5B1939534500D22A8A /* Supporting Files */,
			);
			path = LiftedTests;
			sourceTree = "<group>";
		};
		269B8F5B1939534500D22A8A /* Supporting Files */ = {
			isa = PBXGroup;
			children = (
				269B8F5C1939534500D22A8A /* LiftedTests-Info.plist */,
				269B8F5D1939534500D22A8A /* InfoPlist.strings */,
			);
			name = "Supporting Files";
			sourceTree = "<group>";
		};
		269B8F7919395A6900D22A8A /* Models */ = {
			isa = PBXGroup;
			children = (
				269B8F7F19396CDB00D22A8A /* RMExerciseObject.h */,
				269B8F8019396CDB00D22A8A /* RMExerciseObject.m */,
				26E632E6193D653400EA92AE /* RMWorkoutObject.h */,
				26E632E7193D653400EA92AE /* RMWorkoutObject.m */,
			);
			name = Models;
			sourceTree = "<group>";
		};
		269B8F7A1939609900D22A8A /* Add Workout */ = {
			isa = PBXGroup;
			children = (
				269B8F6D1939562F00D22A8A /* RMAddWorkoutViewController.h */,
				269B8F6E1939562F00D22A8A /* RMAddWorkoutViewController.m */,
			);
			name = "Add Workout";
			sourceTree = "<group>";
		};
		269B8F7E19396C8C00D22A8A /* Select Exercises */ = {
			isa = PBXGroup;
			children = (
				269B8F851939790D00D22A8A /* RMSelectExercisesViewController.h */,
				269B8F861939790D00D22A8A /* RMSelectExercisesViewController.m */,
			);
			name = "Select Exercises";
			sourceTree = "<group>";
		};
		26E632EE193E829200EA92AE /* Workouts */ = {
			isa = PBXGroup;
			children = (
				26FA73D61939B94A00325F23 /* RMWorkoutsViewController.h */,
				26FA73D71939B94A00325F23 /* RMWorkoutsViewController.m */,
			);
			name = Workouts;
			sourceTree = "<group>";
		};
		26E632EF193E82DC00EA92AE /* Home */ = {
			isa = PBXGroup;
			children = (
				26FA73D91939B96B00325F23 /* RMHomeViewController.h */,
				26FA73DA1939B96B00325F23 /* RMHomeViewController.m */,
			);
			name = Home;
			sourceTree = "<group>";
		};
		26E632F9193FFB5F00EA92AE /* Edit Exercise */ = {
			isa = PBXGroup;
			children = (
				26E632F6193FC35E00EA92AE /* RMEditExerciseViewController.h */,
				26E632F7193FC35E00EA92AE /* RMEditExerciseViewController.m */,
			);
			name = "Edit Exercise";
			sourceTree = "<group>";
		};
		26E632FA193FFCA400EA92AE /* Exercise Data Input */ = {
			isa = PBXGroup;
			children = (
				26E632F0193E9F4400EA92AE /* RMExerciseDataInputViewController.h */,
				26E632F1193E9F4400EA92AE /* RMExerciseDataInputViewController.m */,
				26E632FF194126BC00EA92AE /* Table View Cell */,
			);
			name = "Exercise Data Input";
			sourceTree = "<group>";
		};
		26E632FB193FFCD100EA92AE /* Workout Routines */ = {
			isa = PBXGroup;
			children = (
				26E632EB193E81A300EA92AE /* RMWorkoutRoutineViewController.h */,
				26E632EC193E81A300EA92AE /* RMWorkoutRoutineViewController.m */,
			);
			name = "Workout Routines";
			sourceTree = "<group>";
		};
		26E632FF194126BC00EA92AE /* Table View Cell */ = {
			isa = PBXGroup;
			children = (
				26E632FC19411BBB00EA92AE /* RMExerciseDataInputTableViewCell.h */,
				26E632FD19411BBB00EA92AE /* RMExerciseDataInputTableViewCell.m */,
			);
			name = "Table View Cell";
			sourceTree = "<group>";
		};
		26E6336E194186E700EA92AE /* Core Data */ = {
			isa = PBXGroup;
			children = (
				26E633001941333C00EA92AE /* Lifted.xcdatamodeld */,
				26E6337E19423B7F00EA92AE /* Exercise.h */,
				26E6337F19423B7F00EA92AE /* Exercise.m */,
				26E6337B19423B7F00EA92AE /* Sets.h */,
				26E6337C19423B7F00EA92AE /* Sets.m */,
				26E6337819423B7E00EA92AE /* Routine.h */,
				26E6337919423B7E00EA92AE /* Routine.m */,
			);
			name = "Core Data";
			sourceTree = "<group>";
		};
/* End PBXGroup section */

/* Begin PBXNativeTarget section */
		269B8F311939534400D22A8A /* Lifted */ = {
			isa = PBXNativeTarget;
			buildConfigurationList = 269B8F641939534500D22A8A /* Build configuration list for PBXNativeTarget "Lifted" */;
			buildPhases = (
				269B8F2E1939534400D22A8A /* Sources */,
				269B8F2F1939534400D22A8A /* Frameworks */,
				269B8F301939534400D22A8A /* Resources */,
			);
			buildRules = (
			);
			dependencies = (
			);
			name = Lifted;
			productName = Lifted;
			productReference = 269B8F321939534400D22A8A /* Lifted.app */;
			productType = "com.apple.product-type.application";
		};
		269B8F521939534500D22A8A /* LiftedTests */ = {
			isa = PBXNativeTarget;
			buildConfigurationList = 269B8F671939534500D22A8A /* Build configuration list for PBXNativeTarget "LiftedTests" */;
			buildPhases = (
				269B8F4F1939534500D22A8A /* Sources */,
				269B8F501939534500D22A8A /* Frameworks */,
				269B8F511939534500D22A8A /* Resources */,
			);
			buildRules = (
			);
			dependencies = (
				269B8F591939534500D22A8A /* PBXTargetDependency */,
			);
			name = LiftedTests;
			productName = LiftedTests;
			productReference = 269B8F531939534500D22A8A /* LiftedTests.xctest */;
			productType = "com.apple.product-type.bundle.unit-test";
		};
/* End PBXNativeTarget section */

/* Begin PBXProject section */
		269B8F2A1939534400D22A8A /* Project object */ = {
			isa = PBXProject;
			attributes = {
				CLASSPREFIX = RM;
				LastUpgradeCheck = 0510;
				ORGANIZATIONNAME = "Ryan Macaspac";
				TargetAttributes = {
					269B8F521939534500D22A8A = {
						TestTargetID = 269B8F311939534400D22A8A;
					};
				};
			};
			buildConfigurationList = 269B8F2D1939534400D22A8A /* Build configuration list for PBXProject "Lifted" */;
			compatibilityVersion = "Xcode 3.2";
			developmentRegion = English;
			hasScannedForEncodings = 0;
			knownRegions = (
				en,
				Base,
			);
			mainGroup = 269B8F291939534400D22A8A;
			productRefGroup = 269B8F331939534400D22A8A /* Products */;
			projectDirPath = "";
			projectRoot = "";
			targets = (
				269B8F311939534400D22A8A /* Lifted */,
				269B8F521939534500D22A8A /* LiftedTests */,
			);
		};
/* End PBXProject section */

/* Begin PBXResourcesBuildPhase section */
		269B8F301939534400D22A8A /* Resources */ = {
			isa = PBXResourcesBuildPhase;
			buildActionMask = 2147483647;
			files = (
				269B8F4E1939534400D22A8A /* Images.xcassets in Resources */,
				26E632EA193DA96000EA92AE /* arnold.jpg in Resources */,
				269B8F401939534400D22A8A /* InfoPlist.strings in Resources */,
				269B8F491939534400D22A8A /* Main.storyboard in Resources */,
			);
			runOnlyForDeploymentPostprocessing = 0;
		};
		269B8F511939534500D22A8A /* Resources */ = {
			isa = PBXResourcesBuildPhase;
			buildActionMask = 2147483647;
			files = (
				269B8F5F1939534500D22A8A /* InfoPlist.strings in Resources */,
			);
			runOnlyForDeploymentPostprocessing = 0;
		};
/* End PBXResourcesBuildPhase section */

/* Begin PBXSourcesBuildPhase section */
		269B8F2E1939534400D22A8A /* Sources */ = {
			isa = PBXSourcesBuildPhase;
			buildActionMask = 2147483647;
			files = (
				26FA73DB1939B96B00325F23 /* RMHomeViewController.m in Sources */,
				269B8F6F1939562F00D22A8A /* RMAddWorkoutViewController.m in Sources */,
				269B8F871939790D00D22A8A /* RMSelectExercisesViewController.m in Sources */,
				26E6337D19423B7F00EA92AE /* Sets.m in Sources */,
				269B8F421939534400D22A8A /* main.m in Sources */,
				26FA73D81939B94A00325F23 /* RMWorkoutsViewController.m in Sources */,
				26E633021941333C00EA92AE /* Lifted.xcdatamodeld in Sources */,
				26E6338019423B7F00EA92AE /* Exercise.m in Sources */,
				26E632F8193FC35E00EA92AE /* RMEditExerciseViewController.m in Sources */,
				269B8F8119396CDB00D22A8A /* RMExerciseObject.m in Sources */,
				269B8F461939534400D22A8A /* RMAppDelegate.m in Sources */,
				26E6336719415F6200EA92AE /* RMCoreDataHelper.m in Sources */,
				26E6337A19423B7E00EA92AE /* Routine.m in Sources */,
				26E632ED193E81A300EA92AE /* RMWorkoutRoutineViewController.m in Sources */,
				26E632F5193F8AEC00EA92AE /* RMExercisesData.m in Sources */,
				26E632F2193E9F4400EA92AE /* RMExerciseDataInputViewController.m in Sources */,
				26E632E8193D653400EA92AE /* RMWorkoutObject.m in Sources */,
				26E632FE19411BBB00EA92AE /* RMExerciseDataInputTableViewCell.m in Sources */,
			);
			runOnlyForDeploymentPostprocessing = 0;
		};
		269B8F4F1939534500D22A8A /* Sources */ = {
			isa = PBXSourcesBuildPhase;
			buildActionMask = 2147483647;
			files = (
				269B8F611939534500D22A8A /* LiftedTests.m in Sources */,
			);
			runOnlyForDeploymentPostprocessing = 0;
		};
/* End PBXSourcesBuildPhase section */

/* Begin PBXTargetDependency section */
		269B8F591939534500D22A8A /* PBXTargetDependency */ = {
			isa = PBXTargetDependency;
			target = 269B8F311939534400D22A8A /* Lifted */;
			targetProxy = 269B8F581939534500D22A8A /* PBXContainerItemProxy */;
		};
/* End PBXTargetDependency section */

/* Begin PBXVariantGroup section */
		269B8F3E1939534400D22A8A /* InfoPlist.strings */ = {
			isa = PBXVariantGroup;
			children = (
				269B8F3F1939534400D22A8A /* en */,
			);
			name = InfoPlist.strings;
			sourceTree = "<group>";
		};
		269B8F471939534400D22A8A /* Main.storyboard */ = {
			isa = PBXVariantGroup;
			children = (
				269B8F481939534400D22A8A /* Base */,
			);
			name = Main.storyboard;
			sourceTree = "<group>";
		};
		269B8F5D1939534500D22A8A /* InfoPlist.strings */ = {
			isa = PBXVariantGroup;
			children = (
				269B8F5E1939534500D22A8A /* en */,
			);
			name = InfoPlist.strings;
			sourceTree = "<group>";
		};
/* End PBXVariantGroup section */

/* Begin XCBuildConfiguration section */
		269B8F621939534500D22A8A /* Debug */ = {
			isa = XCBuildConfiguration;
			buildSettings = {
				ALWAYS_SEARCH_USER_PATHS = NO;
				CLANG_CXX_LANGUAGE_STANDARD = "gnu++0x";
				CLANG_CXX_LIBRARY = "libc++";
				CLANG_ENABLE_MODULES = YES;
				CLANG_ENABLE_OBJC_ARC = YES;
				CLANG_WARN_BOOL_CONVERSION = YES;
				CLANG_WARN_CONSTANT_CONVERSION = YES;
				CLANG_WARN_DIRECT_OBJC_ISA_USAGE = YES_ERROR;
				CLANG_WARN_EMPTY_BODY = YES;
				CLANG_WARN_ENUM_CONVERSION = YES;
				CLANG_WARN_INT_CONVERSION = YES;
				CLANG_WARN_OBJC_ROOT_CLASS = YES_ERROR;
				CLANG_WARN__DUPLICATE_METHOD_MATCH = YES;
				"CODE_SIGN_IDENTITY[sdk=iphoneos*]" = "iPhone Developer";
				COPY_PHASE_STRIP = NO;
				GCC_C_LANGUAGE_STANDARD = gnu99;
				GCC_DYNAMIC_NO_PIC = NO;
				GCC_OPTIMIZATION_LEVEL = 0;
				GCC_PREPROCESSOR_DEFINITIONS = (
					"DEBUG=1",
					"$(inherited)",
				);
				GCC_SYMBOLS_PRIVATE_EXTERN = NO;
				GCC_WARN_64_TO_32_BIT_CONVERSION = YES;
				GCC_WARN_ABOUT_RETURN_TYPE = YES_ERROR;
				GCC_WARN_UNDECLARED_SELECTOR = YES;
				GCC_WARN_UNINITIALIZED_AUTOS = YES_AGGRESSIVE;
				GCC_WARN_UNUSED_FUNCTION = YES;
				GCC_WARN_UNUSED_VARIABLE = YES;
				IPHONEOS_DEPLOYMENT_TARGET = 7.1;
				ONLY_ACTIVE_ARCH = YES;
				SDKROOT = iphoneos;
			};
			name = Debug;
		};
		269B8F631939534500D22A8A /* Release */ = {
			isa = XCBuildConfiguration;
			buildSettings = {
				ALWAYS_SEARCH_USER_PATHS = NO;
				CLANG_CXX_LANGUAGE_STANDARD = "gnu++0x";
				CLANG_CXX_LIBRARY = "libc++";
				CLANG_ENABLE_MODULES = YES;
				CLANG_ENABLE_OBJC_ARC = YES;
				CLANG_WARN_BOOL_CONVERSION = YES;
				CLANG_WARN_CONSTANT_CONVERSION = YES;
				CLANG_WARN_DIRECT_OBJC_ISA_USAGE = YES_ERROR;
				CLANG_WARN_EMPTY_BODY = YES;
				CLANG_WARN_ENUM_CONVERSION = YES;
				CLANG_WARN_INT_CONVERSION = YES;
				CLANG_WARN_OBJC_ROOT_CLASS = YES_ERROR;
				CLANG_WARN__DUPLICATE_METHOD_MATCH = YES;
				"CODE_SIGN_IDENTITY[sdk=iphoneos*]" = "iPhone Developer";
				COPY_PHASE_STRIP = YES;
				ENABLE_NS_ASSERTIONS = NO;
				GCC_C_LANGUAGE_STANDARD = gnu99;
				GCC_WARN_64_TO_32_BIT_CONVERSION = YES;
				GCC_WARN_ABOUT_RETURN_TYPE = YES_ERROR;
				GCC_WARN_UNDECLARED_SELECTOR = YES;
				GCC_WARN_UNINITIALIZED_AUTOS = YES_AGGRESSIVE;
				GCC_WARN_UNUSED_FUNCTION = YES;
				GCC_WARN_UNUSED_VARIABLE = YES;
				IPHONEOS_DEPLOYMENT_TARGET = 7.1;
				SDKROOT = iphoneos;
				VALIDATE_PRODUCT = YES;
			};
			name = Release;
		};
		269B8F651939534500D22A8A /* Debug */ = {
			isa = XCBuildConfiguration;
			buildSettings = {
				ASSETCATALOG_COMPILER_APPICON_NAME = AppIcon;
				ASSETCATALOG_COMPILER_LAUNCHIMAGE_NAME = LaunchImage;
				GCC_PRECOMPILE_PREFIX_HEADER = YES;
				GCC_PREFIX_HEADER = "Lifted/Lifted-Prefix.pch";
				INFOPLIST_FILE = "Lifted/Lifted-Info.plist";
				IPHONEOS_DEPLOYMENT_TARGET = 7.0;
				PRODUCT_NAME = "$(TARGET_NAME)";
				WRAPPER_EXTENSION = app;
			};
			name = Debug;
		};
		269B8F661939534500D22A8A /* Release */ = {
			isa = XCBuildConfiguration;
			buildSettings = {
				ASSETCATALOG_COMPILER_APPICON_NAME = AppIcon;
				ASSETCATALOG_COMPILER_LAUNCHIMAGE_NAME = LaunchImage;
				GCC_PRECOMPILE_PREFIX_HEADER = YES;
				GCC_PREFIX_HEADER = "Lifted/Lifted-Prefix.pch";
				INFOPLIST_FILE = "Lifted/Lifted-Info.plist";
				IPHONEOS_DEPLOYMENT_TARGET = 7.0;
				PRODUCT_NAME = "$(TARGET_NAME)";
				WRAPPER_EXTENSION = app;
			};
			name = Release;
		};
		269B8F681939534500D22A8A /* Debug */ = {
			isa = XCBuildConfiguration;
			buildSettings = {
				BUNDLE_LOADER = "$(BUILT_PRODUCTS_DIR)/Lifted.app/Lifted";
				FRAMEWORK_SEARCH_PATHS = (
					"$(SDKROOT)/Developer/Library/Frameworks",
					"$(inherited)",
					"$(DEVELOPER_FRAMEWORKS_DIR)",
				);
				GCC_PRECOMPILE_PREFIX_HEADER = YES;
				GCC_PREFIX_HEADER = "Lifted/Lifted-Prefix.pch";
				GCC_PREPROCESSOR_DEFINITIONS = (
					"DEBUG=1",
					"$(inherited)",
				);
				INFOPLIST_FILE = "LiftedTests/LiftedTests-Info.plist";
				PRODUCT_NAME = "$(TARGET_NAME)";
				TEST_HOST = "$(BUNDLE_LOADER)";
				WRAPPER_EXTENSION = xctest;
			};
			name = Debug;
		};
		269B8F691939534500D22A8A /* Release */ = {
			isa = XCBuildConfiguration;
			buildSettings = {
				BUNDLE_LOADER = "$(BUILT_PRODUCTS_DIR)/Lifted.app/Lifted";
				FRAMEWORK_SEARCH_PATHS = (
					"$(SDKROOT)/Developer/Library/Frameworks",
					"$(inherited)",
					"$(DEVELOPER_FRAMEWORKS_DIR)",
				);
				GCC_PRECOMPILE_PREFIX_HEADER = YES;
				GCC_PREFIX_HEADER = "Lifted/Lifted-Prefix.pch";
				INFOPLIST_FILE = "LiftedTests/LiftedTests-Info.plist";
				PRODUCT_NAME = "$(TARGET_NAME)";
				TEST_HOST = "$(BUNDLE_LOADER)";
				WRAPPER_EXTENSION = xctest;
			};
			name = Release;
		};
/* End XCBuildConfiguration section */

/* Begin XCConfigurationList section */
		269B8F2D1939534400D22A8A /* Build configuration list for PBXProject "Lifted" */ = {
			isa = XCConfigurationList;
			buildConfigurations = (
				269B8F621939534500D22A8A /* Debug */,
				269B8F631939534500D22A8A /* Release */,
			);
			defaultConfigurationIsVisible = 0;
			defaultConfigurationName = Release;
		};
		269B8F641939534500D22A8A /* Build configuration list for PBXNativeTarget "Lifted" */ = {
			isa = XCConfigurationList;
			buildConfigurations = (
				269B8F651939534500D22A8A /* Debug */,
				269B8F661939534500D22A8A /* Release */,
			);
			defaultConfigurationIsVisible = 0;
			defaultConfigurationName = Release;
		};
		269B8F671939534500D22A8A /* Build configuration list for PBXNativeTarget "LiftedTests" */ = {
			isa = XCConfigurationList;
			buildConfigurations = (
				269B8F681939534500D22A8A /* Debug */,
				269B8F691939534500D22A8A /* Release */,
			);
			defaultConfigurationIsVisible = 0;
			defaultConfigurationName = Release;
		};
/* End XCConfigurationList section */

/* Begin XCVersionGroup section */
		26E633001941333C00EA92AE /* Lifted.xcdatamodeld */ = {
			isa = XCVersionGroup;
			children = (
				26E633011941333C00EA92AE /* Lifted.xcdatamodel */,
			);
			currentVersion = 26E633011941333C00EA92AE /* Lifted.xcdatamodel */;
			path = Lifted.xcdatamodeld;
			sourceTree = "<group>";
			versionGroupType = wrapper.xcdatamodel;
		};
/* End XCVersionGroup section */
	};
	rootObject = 269B8F2A1939534400D22A8A /* Project object */;
}
